PODS:
  - SuperResolutionKit (0.1.0)

DEPENDENCIES:
  - SuperResolutionKit (from `../`)

EXTERNAL SOURCES:
  SuperResolutionKit:
    :path: "../"

SPEC CHECKSUMS:
  SuperResolutionKit: 695fda64986bd6bc3e1c14030af06fb18a7b0ba1

PODFILE CHECKSUM: e8521b55d2f3428cc0d5dd6d81c51d3c9aaa590e

COCOAPODS: 1.5.3
